
Microsoft Visual Studio Solution File, Format Version 12.00
# Visual Studio 15
VisualStudioVersion = 15.0.26403.7
MinimumVisualStudioVersion = 10.0.40219.1
Project("{2150E333-8FDC-42A3-9474-1A3956D46DE8}") = "Creational", "Creational", "{1C4DA0B5-D59D-4D51-B800-79ED045D0DD1}"
EndProject
Project("{2150E333-8FDC-42A3-9474-1A3956D46DE8}") = "Behavioural", "Behavioural", "{62438AC8-D65D-4FDC-AAE9-CCBD77574C07}"
EndProject
Project("{2150E333-8FDC-42A3-9474-1A3956D46DE8}") = "Structural", "Structural", "{5FDDC133-265C-4BA1-A6E0-67AC5E62AF12}"
EndProject
Project("{FAE04EC0-301F-11D3-BF4B-00C04F79EFBC}") = "Factory", "Factory\Factory.csproj", "{914EF4A6-466D-487F-AE30-832C8EF87484}"
EndProject
Project("{FAE04EC0-301F-11D3-BF4B-00C04F79EFBC}") = "AbstractFactory", "AbstractFactory\AbstractFactory.csproj", "{37DBE7C1-C658-4458-9FD5-29F58404AB7C}"
EndProject
Project("{FAE04EC0-301F-11D3-BF4B-00C04F79EFBC}") = "Builder", "Builder\Builder.csproj", "{DDA413E1-7F22-4D14-86D1-1E64F6C8136A}"
EndProject
Project("{FAE04EC0-301F-11D3-BF4B-00C04F79EFBC}") = "Prototype", "Prototype\Prototype.csproj", "{E034477F-5B39-46AD-BBD6-116FE086A89F}"
EndProject
Project("{FAE04EC0-301F-11D3-BF4B-00C04F79EFBC}") = "Singleton", "Singleton\Singleton.csproj", "{B52B6A4E-54DE-498A-91CD-F72BC9E828F7}"
EndProject
Project("{FAE04EC0-301F-11D3-BF4B-00C04F79EFBC}") = "Adapter", "Adapter\Adapter.csproj", "{72E071F1-1F91-4010-8902-34B15AD4DDFE}"
EndProject
Project("{FAE04EC0-301F-11D3-BF4B-00C04F79EFBC}") = "Bridge", "Bridge\Bridge.csproj", "{D9F2AE15-E3C2-4912-B1EE-62CB0320E6B0}"
EndProject
Project("{FAE04EC0-301F-11D3-BF4B-00C04F79EFBC}") = "Composite", "Composite\Composite.csproj", "{635BB5D0-2B61-4533-9AEB-93D232493926}"
EndProject
Project("{FAE04EC0-301F-11D3-BF4B-00C04F79EFBC}") = "Decorator", "Decorator\Decorator.csproj", "{2A7F733E-3C62-4262-85B2-B506377F347B}"
EndProject
Project("{FAE04EC0-301F-11D3-BF4B-00C04F79EFBC}") = "Facade", "Facade\Facade.csproj", "{9310D572-CBAB-4B44-9F09-8A8BA1E02E47}"
EndProject
Project("{FAE04EC0-301F-11D3-BF4B-00C04F79EFBC}") = "Flyweight", "Flyweight\Flyweight.csproj", "{9D05A76E-EE64-4860-85C6-862DFCED8DEC}"
EndProject
Project("{FAE04EC0-301F-11D3-BF4B-00C04F79EFBC}") = "Proxy", "Proxy\Proxy.csproj", "{4F66583F-6680-44E9-BB32-5656EDD2C63E}"
EndProject
Global
	GlobalSection(SolutionConfigurationPlatforms) = preSolution
		Debug|Any CPU = Debug|Any CPU
		Release|Any CPU = Release|Any CPU
	EndGlobalSection
	GlobalSection(ProjectConfigurationPlatforms) = postSolution
		{914EF4A6-466D-487F-AE30-832C8EF87484}.Debug|Any CPU.ActiveCfg = Debug|Any CPU
		{914EF4A6-466D-487F-AE30-832C8EF87484}.Debug|Any CPU.Build.0 = Debug|Any CPU
		{914EF4A6-466D-487F-AE30-832C8EF87484}.Release|Any CPU.ActiveCfg = Release|Any CPU
		{914EF4A6-466D-487F-AE30-832C8EF87484}.Release|Any CPU.Build.0 = Release|Any CPU
		{37DBE7C1-C658-4458-9FD5-29F58404AB7C}.Debug|Any CPU.ActiveCfg = Debug|Any CPU
		{37DBE7C1-C658-4458-9FD5-29F58404AB7C}.Debug|Any CPU.Build.0 = Debug|Any CPU
		{37DBE7C1-C658-4458-9FD5-29F58404AB7C}.Release|Any CPU.ActiveCfg = Release|Any CPU
		{37DBE7C1-C658-4458-9FD5-29F58404AB7C}.Release|Any CPU.Build.0 = Release|Any CPU
		{DDA413E1-7F22-4D14-86D1-1E64F6C8136A}.Debug|Any CPU.ActiveCfg = Debug|Any CPU
		{DDA413E1-7F22-4D14-86D1-1E64F6C8136A}.Debug|Any CPU.Build.0 = Debug|Any CPU
		{DDA413E1-7F22-4D14-86D1-1E64F6C8136A}.Release|Any CPU.ActiveCfg = Release|Any CPU
		{DDA413E1-7F22-4D14-86D1-1E64F6C8136A}.Release|Any CPU.Build.0 = Release|Any CPU
		{E034477F-5B39-46AD-BBD6-116FE086A89F}.Debug|Any CPU.ActiveCfg = Debug|Any CPU
		{E034477F-5B39-46AD-BBD6-116FE086A89F}.Debug|Any CPU.Build.0 = Debug|Any CPU
		{E034477F-5B39-46AD-BBD6-116FE086A89F}.Release|Any CPU.ActiveCfg = Release|Any CPU
		{E034477F-5B39-46AD-BBD6-116FE086A89F}.Release|Any CPU.Build.0 = Release|Any CPU
		{B52B6A4E-54DE-498A-91CD-F72BC9E828F7}.Debug|Any CPU.ActiveCfg = Debug|Any CPU
		{B52B6A4E-54DE-498A-91CD-F72BC9E828F7}.Debug|Any CPU.Build.0 = Debug|Any CPU
		{B52B6A4E-54DE-498A-91CD-F72BC9E828F7}.Release|Any CPU.ActiveCfg = Release|Any CPU
		{B52B6A4E-54DE-498A-91CD-F72BC9E828F7}.Release|Any CPU.Build.0 = Release|Any CPU
		{72E071F1-1F91-4010-8902-34B15AD4DDFE}.Debug|Any CPU.ActiveCfg = Debug|Any CPU
		{72E071F1-1F91-4010-8902-34B15AD4DDFE}.Debug|Any CPU.Build.0 = Debug|Any CPU
		{72E071F1-1F91-4010-8902-34B15AD4DDFE}.Release|Any CPU.ActiveCfg = Release|Any CPU
		{72E071F1-1F91-4010-8902-34B15AD4DDFE}.Release|Any CPU.Build.0 = Release|Any CPU
		{D9F2AE15-E3C2-4912-B1EE-62CB0320E6B0}.Debug|Any CPU.ActiveCfg = Debug|Any CPU
		{D9F2AE15-E3C2-4912-B1EE-62CB0320E6B0}.Debug|Any CPU.Build.0 = Debug|Any CPU
		{D9F2AE15-E3C2-4912-B1EE-62CB0320E6B0}.Release|Any CPU.ActiveCfg = Release|Any CPU
		{D9F2AE15-E3C2-4912-B1EE-62CB0320E6B0}.Release|Any CPU.Build.0 = Release|Any CPU
		{635BB5D0-2B61-4533-9AEB-93D232493926}.Debug|Any CPU.ActiveCfg = Debug|Any CPU
		{635BB5D0-2B61-4533-9AEB-93D232493926}.Debug|Any CPU.Build.0 = Debug|Any CPU
		{635BB5D0-2B61-4533-9AEB-93D232493926}.Release|Any CPU.ActiveCfg = Release|Any CPU
		{635BB5D0-2B61-4533-9AEB-93D232493926}.Release|Any CPU.Build.0 = Release|Any CPU
		{2A7F733E-3C62-4262-85B2-B506377F347B}.Debug|Any CPU.ActiveCfg = Debug|Any CPU
		{2A7F733E-3C62-4262-85B2-B506377F347B}.Debug|Any CPU.Build.0 = Debug|Any CPU
		{2A7F733E-3C62-4262-85B2-B506377F347B}.Release|Any CPU.ActiveCfg = Release|Any CPU
		{2A7F733E-3C62-4262-85B2-B506377F347B}.Release|Any CPU.Build.0 = Release|Any CPU
		{9310D572-CBAB-4B44-9F09-8A8BA1E02E47}.Debug|Any CPU.ActiveCfg = Debug|Any CPU
		{9310D572-CBAB-4B44-9F09-8A8BA1E02E47}.Debug|Any CPU.Build.0 = Debug|Any CPU
		{9310D572-CBAB-4B44-9F09-8A8BA1E02E47}.Release|Any CPU.ActiveCfg = Release|Any CPU
		{9310D572-CBAB-4B44-9F09-8A8BA1E02E47}.Release|Any CPU.Build.0 = Release|Any CPU
		{9D05A76E-EE64-4860-85C6-862DFCED8DEC}.Debug|Any CPU.ActiveCfg = Debug|Any CPU
		{9D05A76E-EE64-4860-85C6-862DFCED8DEC}.Debug|Any CPU.Build.0 = Debug|Any CPU
		{9D05A76E-EE64-4860-85C6-862DFCED8DEC}.Release|Any CPU.ActiveCfg = Release|Any CPU
		{9D05A76E-EE64-4860-85C6-862DFCED8DEC}.Release|Any CPU.Build.0 = Release|Any CPU
		{4F66583F-6680-44E9-BB32-5656EDD2C63E}.Debug|Any CPU.ActiveCfg = Debug|Any CPU
		{4F66583F-6680-44E9-BB32-5656EDD2C63E}.Debug|Any CPU.Build.0 = Debug|Any CPU
		{4F66583F-6680-44E9-BB32-5656EDD2C63E}.Release|Any CPU.ActiveCfg = Release|Any CPU
		{4F66583F-6680-44E9-BB32-5656EDD2C63E}.Release|Any CPU.Build.0 = Release|Any CPU
	EndGlobalSection
	GlobalSection(SolutionProperties) = preSolution
		HideSolutionNode = FALSE
	EndGlobalSection
	GlobalSection(NestedProjects) = preSolution
		{914EF4A6-466D-487F-AE30-832C8EF87484} = {1C4DA0B5-D59D-4D51-B800-79ED045D0DD1}
		{37DBE7C1-C658-4458-9FD5-29F58404AB7C} = {1C4DA0B5-D59D-4D51-B800-79ED045D0DD1}
		{DDA413E1-7F22-4D14-86D1-1E64F6C8136A} = {1C4DA0B5-D59D-4D51-B800-79ED045D0DD1}
		{E034477F-5B39-46AD-BBD6-116FE086A89F} = {1C4DA0B5-D59D-4D51-B800-79ED045D0DD1}
		{B52B6A4E-54DE-498A-91CD-F72BC9E828F7} = {1C4DA0B5-D59D-4D51-B800-79ED045D0DD1}
		{72E071F1-1F91-4010-8902-34B15AD4DDFE} = {5FDDC133-265C-4BA1-A6E0-67AC5E62AF12}
		{D9F2AE15-E3C2-4912-B1EE-62CB0320E6B0} = {5FDDC133-265C-4BA1-A6E0-67AC5E62AF12}
		{635BB5D0-2B61-4533-9AEB-93D232493926} = {5FDDC133-265C-4BA1-A6E0-67AC5E62AF12}
		{2A7F733E-3C62-4262-85B2-B506377F347B} = {5FDDC133-265C-4BA1-A6E0-67AC5E62AF12}
		{9310D572-CBAB-4B44-9F09-8A8BA1E02E47} = {5FDDC133-265C-4BA1-A6E0-67AC5E62AF12}
		{9D05A76E-EE64-4860-85C6-862DFCED8DEC} = {5FDDC133-265C-4BA1-A6E0-67AC5E62AF12}
		{4F66583F-6680-44E9-BB32-5656EDD2C63E} = {5FDDC133-265C-4BA1-A6E0-67AC5E62AF12}
	EndGlobalSection
EndGlobal
